
Microsoft Visual Studio Solution File, Format Version 12.00
# Visual Studio Version 17
VisualStudioVersion = 17.14.36221.1
MinimumVisualStudioVersion = 10.0.40219.1
Project("{2150E333-8FDC-42A3-9474-1A3956D46DE8}") = "Services", "Services", "{02EA681E-C7D8-13C7-8484-4AC65E1B71E8}"
EndProject
Project("{2150E333-8FDC-42A3-9474-1A3956D46DE8}") = "Catalog", "Catalog", "{816E6A6E-DA42-4FC6-9551-78E272E651FF}"
EndProject
Project("{FAE04EC0-301F-11D3-BF4B-00C04F79EFBC}") = "Catalog.API", "Services\Catalog\Catalog.API\Catalog.API.csproj", "{31513527-BFC3-48EA-8632-FC667097EBD2}"
EndProject
Project("{FAE04EC0-301F-11D3-BF4B-00C04F79EFBC}") = "Catalog.Application", "Services\Catalog\Catalog.Application\Catalog.Application.csproj", "{5402ACF0-29B0-49FD-891C-249E90A75A62}"
EndProject
Project("{FAE04EC0-301F-11D3-BF4B-00C04F79EFBC}") = "Catalog.Core", "Services\Catalog\Catalog.Core\Catalog.Core.csproj", "{C0A93DBB-306D-4E43-B01C-A2AAE0B8153F}"
EndProject
Project("{FAE04EC0-301F-11D3-BF4B-00C04F79EFBC}") = "Catalog.Infrastructure", "Services\Catalog\Catalog.Infrastructure\Catalog.Infrastructure.csproj", "{3B66DB33-99EB-4ECC-8214-2CA91F0BC183}"
EndProject
Project("{E53339B2-1760-4266-BCC7-CA923CBCF16C}") = "docker-compose", "docker-compose.dcproj", "{81DDED9D-158B-E303-5F62-77A2896D2A5A}"
EndProject
Project("{2150E333-8FDC-42A3-9474-1A3956D46DE8}") = "Basket", "Basket", "{E7AC23DA-ED3A-4C8D-AEF4-6E3716D59760}"
EndProject
Project("{FAE04EC0-301F-11D3-BF4B-00C04F79EFBC}") = "Basket.API", "Services\Basket\Basket.API\Basket.API.csproj", "{C3718468-31E9-46EA-9264-A1578D3D0E5C}"
EndProject
Project("{FAE04EC0-301F-11D3-BF4B-00C04F79EFBC}") = "Basket.Core", "Services\Basket\Basket.Core\Basket.Core.csproj", "{1649F2EA-5035-403C-B021-E72660E64844}"
EndProject
Project("{FAE04EC0-301F-11D3-BF4B-00C04F79EFBC}") = "Basket.Infrastructure", "Services\Basket\Basket.Infrastructure\Basket.Infrastructure.csproj", "{5AFFA56B-72C0-4536-B4DE-D93B57353353}"
EndProject
Project("{FAE04EC0-301F-11D3-BF4B-00C04F79EFBC}") = "Basket.Application", "Services\Basket\Basket.Application\Basket.Application.csproj", "{92027711-88C4-48F5-96B9-A978751F1A73}"
EndProject
Project("{2150E333-8FDC-42A3-9474-1A3956D46DE8}") = "Discount", "Discount", "{DD5273D7-D26C-42E4-9661-C7A98C420CE9}"
EndProject
Project("{FAE04EC0-301F-11D3-BF4B-00C04F79EFBC}") = "Discount.API", "Services\Discount\Discount.API\Discount.API.csproj", "{6D70A3D2-5AAA-48D2-B753-0BD22B00A92D}"
EndProject
Project("{FAE04EC0-301F-11D3-BF4B-00C04F79EFBC}") = "Discount.Core", "Services\Discount\Discount.Core\Discount.Core.csproj", "{E77D05DB-043D-430F-A420-685CC171F8BA}"
EndProject
Project("{FAE04EC0-301F-11D3-BF4B-00C04F79EFBC}") = "Discount.Infrastructure", "Services\Discount\Discount.Infrastructure\Discount.Infrastructure.csproj", "{FCD16AC1-E888-4FB1-9A17-DC68B983FFF3}"
EndProject
Project("{FAE04EC0-301F-11D3-BF4B-00C04F79EFBC}") = "Discount.Application", "Services\Discount\Discount.Application\Discount.Application.csproj", "{534BDDE6-44BA-44C2-94F7-F914202A3C75}"
EndProject
Project("{2150E333-8FDC-42A3-9474-1A3956D46DE8}") = "Ordering", "Ordering", "{F996DA88-4674-4B54-9192-4C0C2EF9E488}"
EndProject
Project("{FAE04EC0-301F-11D3-BF4B-00C04F79EFBC}") = "Ordering.API", "Services\Ordering\Ordering.API\Ordering.API.csproj", "{AF348C0F-2CE7-4FF1-BE45-65D76CCDF48B}"
EndProject
Project("{FAE04EC0-301F-11D3-BF4B-00C04F79EFBC}") = "Ordering.Core", "Services\Ordering\Ordering.Core\Ordering.Core.csproj", "{5A6E44FF-347A-4ED5-918C-6C6C8C83DD8D}"
EndProject
Project("{FAE04EC0-301F-11D3-BF4B-00C04F79EFBC}") = "Ordering.Application", "Services\Ordering\Ordering.Application\Ordering.Application.csproj", "{8C067192-86C7-47AB-AC3F-A2DD5892D5C9}"
EndProject
Project("{FAE04EC0-301F-11D3-BF4B-00C04F79EFBC}") = "Ordering.Infrastructure", "Services\Ordering\Ordering.Infrastructure\Ordering.Infrastructure.csproj", "{7F79AC09-7AFB-427E-AF59-9EAC4F652193}"
EndProject
Project("{2150E333-8FDC-42A3-9474-1A3956D46DE8}") = "Infrastructure", "Infrastructure", "{C27620FD-8DFE-40B8-AE6F-2C84360041DD}"
EndProject
Project("{FAE04EC0-301F-11D3-BF4B-00C04F79EFBC}") = "EventBus.Messages", "Infrastructure\EventBus.Messages\EventBus.Messages.csproj", "{714FF4D1-6208-4DA2-A6A9-82D28C326BC5}"
EndProject
Project("{FAE04EC0-301F-11D3-BF4B-00C04F79EFBC}") = "Common.Logging", "Infrastructure\Common.Logging\Common.Logging.csproj", "{C96DB708-D9ED-4369-BBFF-B1AE9464C16E}"
EndProject
Project("{2150E333-8FDC-42A3-9474-1A3956D46DE8}") = "ApiGateways", "ApiGateways", "{56821E85-400E-4D16-B3FA-E4800AA0FEF0}"
EndProject
Project("{FAE04EC0-301F-11D3-BF4B-00C04F79EFBC}") = "Ocelot.ApiGateway", "ApiGateways\Ocelot.ApiGateway\Ocelot.ApiGateway.csproj", "{48035D8D-3BE8-4019-9691-306D98282265}"
EndProject
Project("{2150E333-8FDC-42A3-9474-1A3956D46DE8}") = "AuthService", "AuthService", "{5E05673D-A9DF-4EEF-9BCD-01D981513971}"
EndProject
Project("{FAE04EC0-301F-11D3-BF4B-00C04F79EFBC}") = "Auth.Core", "AuthService\Auth.Core\Auth.Core.csproj", "{E9997ED7-ACBB-47AE-9512-39D01B99CADC}"
EndProject
Project("{FAE04EC0-301F-11D3-BF4B-00C04F79EFBC}") = "Auth.Infrastructure", "AuthService\Auth.Infrastructure\Auth.Infrastructure.csproj", "{A7E1147D-0C3E-4EEC-9651-26709606B625}"
EndProject
Project("{FAE04EC0-301F-11D3-BF4B-00C04F79EFBC}") = "Auth.Application", "AuthService\Auth.Application\Auth.Application.csproj", "{48FC31D0-BA7A-48B4-8AD4-73F37BF2592F}"
EndProject
Project("{FAE04EC0-301F-11D3-BF4B-00C04F79EFBC}") = "Auth.API", "AuthService\Auth.API\Auth.API.csproj", "{250332FC-879C-4F51-9891-0909BDC4B34B}"
EndProject
Project("{2150E333-8FDC-42A3-9474-1A3956D46DE8}") = "Deployments", "Deployments", "{D22A7BF2-8311-4136-92B6-84BCFBB045BD}"
EndProject
Project("{2150E333-8FDC-42A3-9474-1A3956D46DE8}") = "k8s", "k8s", "{C2E6FBF7-A583-4088-9BBC-3F3C2F981F28}"
EndProject
Project("{2150E333-8FDC-42A3-9474-1A3956D46DE8}") = "catalog", "catalog", "{35B5139B-0AD3-4DFF-B4CE-54877AF90373}"
EndProject
Project("{2150E333-8FDC-42A3-9474-1A3956D46DE8}") = "catalog-api", "catalog-api", "{2F209ED7-1553-419D-A13B-51CC170E6036}"
	ProjectSection(SolutionItems) = preProject
		Deployments\k8s\catalog\catalog-api\catalog-api.yaml = Deployments\k8s\catalog\catalog-api\catalog-api.yaml
	EndProjectSection
EndProject
Project("{2150E333-8FDC-42A3-9474-1A3956D46DE8}") = "catalog-db", "catalog-db", "{1401898D-30A4-4E3E-928B-03502E0BA89A}"
	ProjectSection(SolutionItems) = preProject
		Deployments\k8s\catalog\catalog-db\catalog-db.yaml = Deployments\k8s\catalog\catalog-db\catalog-db.yaml
		Deployments\k8s\catalog\catalog-db\mongo-configmap.yaml = Deployments\k8s\catalog\catalog-db\mongo-configmap.yaml
		Deployments\k8s\catalog\catalog-db\mongo-secret.yaml = Deployments\k8s\catalog\catalog-db\mongo-secret.yaml
	EndProjectSection
EndProject
Global
	GlobalSection(SolutionConfigurationPlatforms) = preSolution
		Debug|Any CPU = Debug|Any CPU
		Release|Any CPU = Release|Any CPU
	EndGlobalSection
	GlobalSection(ProjectConfigurationPlatforms) = postSolution
		{31513527-BFC3-48EA-8632-FC667097EBD2}.Debug|Any CPU.ActiveCfg = Debug|Any CPU
		{31513527-BFC3-48EA-8632-FC667097EBD2}.Debug|Any CPU.Build.0 = Debug|Any CPU
		{31513527-BFC3-48EA-8632-FC667097EBD2}.Release|Any CPU.ActiveCfg = Release|Any CPU
		{31513527-BFC3-48EA-8632-FC667097EBD2}.Release|Any CPU.Build.0 = Release|Any CPU
		{5402ACF0-29B0-49FD-891C-249E90A75A62}.Debug|Any CPU.ActiveCfg = Debug|Any CPU
		{5402ACF0-29B0-49FD-891C-249E90A75A62}.Debug|Any CPU.Build.0 = Debug|Any CPU
		{5402ACF0-29B0-49FD-891C-249E90A75A62}.Release|Any CPU.ActiveCfg = Release|Any CPU
		{5402ACF0-29B0-49FD-891C-249E90A75A62}.Release|Any CPU.Build.0 = Release|Any CPU
		{C0A93DBB-306D-4E43-B01C-A2AAE0B8153F}.Debug|Any CPU.ActiveCfg = Debug|Any CPU
		{C0A93DBB-306D-4E43-B01C-A2AAE0B8153F}.Debug|Any CPU.Build.0 = Debug|Any CPU
		{C0A93DBB-306D-4E43-B01C-A2AAE0B8153F}.Release|Any CPU.ActiveCfg = Release|Any CPU
		{C0A93DBB-306D-4E43-B01C-A2AAE0B8153F}.Release|Any CPU.Build.0 = Release|Any CPU
		{3B66DB33-99EB-4ECC-8214-2CA91F0BC183}.Debug|Any CPU.ActiveCfg = Debug|Any CPU
		{3B66DB33-99EB-4ECC-8214-2CA91F0BC183}.Debug|Any CPU.Build.0 = Debug|Any CPU
		{3B66DB33-99EB-4ECC-8214-2CA91F0BC183}.Release|Any CPU.ActiveCfg = Release|Any CPU
		{3B66DB33-99EB-4ECC-8214-2CA91F0BC183}.Release|Any CPU.Build.0 = Release|Any CPU
		{81DDED9D-158B-E303-5F62-77A2896D2A5A}.Debug|Any CPU.ActiveCfg = Debug|Any CPU
		{81DDED9D-158B-E303-5F62-77A2896D2A5A}.Debug|Any CPU.Build.0 = Debug|Any CPU
		{81DDED9D-158B-E303-5F62-77A2896D2A5A}.Release|Any CPU.ActiveCfg = Release|Any CPU
		{81DDED9D-158B-E303-5F62-77A2896D2A5A}.Release|Any CPU.Build.0 = Release|Any CPU
		{C3718468-31E9-46EA-9264-A1578D3D0E5C}.Debug|Any CPU.ActiveCfg = Debug|Any CPU
		{C3718468-31E9-46EA-9264-A1578D3D0E5C}.Debug|Any CPU.Build.0 = Debug|Any CPU
		{C3718468-31E9-46EA-9264-A1578D3D0E5C}.Release|Any CPU.ActiveCfg = Release|Any CPU
		{C3718468-31E9-46EA-9264-A1578D3D0E5C}.Release|Any CPU.Build.0 = Release|Any CPU
		{1649F2EA-5035-403C-B021-E72660E64844}.Debug|Any CPU.ActiveCfg = Debug|Any CPU
		{1649F2EA-5035-403C-B021-E72660E64844}.Debug|Any CPU.Build.0 = Debug|Any CPU
		{1649F2EA-5035-403C-B021-E72660E64844}.Release|Any CPU.ActiveCfg = Release|Any CPU
		{1649F2EA-5035-403C-B021-E72660E64844}.Release|Any CPU.Build.0 = Release|Any CPU
		{5AFFA56B-72C0-4536-B4DE-D93B57353353}.Debug|Any CPU.ActiveCfg = Debug|Any CPU
		{5AFFA56B-72C0-4536-B4DE-D93B57353353}.Debug|Any CPU.Build.0 = Debug|Any CPU
		{5AFFA56B-72C0-4536-B4DE-D93B57353353}.Release|Any CPU.ActiveCfg = Release|Any CPU
		{5AFFA56B-72C0-4536-B4DE-D93B57353353}.Release|Any CPU.Build.0 = Release|Any CPU
		{92027711-88C4-48F5-96B9-A978751F1A73}.Debug|Any CPU.ActiveCfg = Debug|Any CPU
		{92027711-88C4-48F5-96B9-A978751F1A73}.Debug|Any CPU.Build.0 = Debug|Any CPU
		{92027711-88C4-48F5-96B9-A978751F1A73}.Release|Any CPU.ActiveCfg = Release|Any CPU
		{92027711-88C4-48F5-96B9-A978751F1A73}.Release|Any CPU.Build.0 = Release|Any CPU
		{6D70A3D2-5AAA-48D2-B753-0BD22B00A92D}.Debug|Any CPU.ActiveCfg = Debug|Any CPU
		{6D70A3D2-5AAA-48D2-B753-0BD22B00A92D}.Debug|Any CPU.Build.0 = Debug|Any CPU
		{6D70A3D2-5AAA-48D2-B753-0BD22B00A92D}.Release|Any CPU.ActiveCfg = Release|Any CPU
		{6D70A3D2-5AAA-48D2-B753-0BD22B00A92D}.Release|Any CPU.Build.0 = Release|Any CPU
		{E77D05DB-043D-430F-A420-685CC171F8BA}.Debug|Any CPU.ActiveCfg = Debug|Any CPU
		{E77D05DB-043D-430F-A420-685CC171F8BA}.Debug|Any CPU.Build.0 = Debug|Any CPU
		{E77D05DB-043D-430F-A420-685CC171F8BA}.Release|Any CPU.ActiveCfg = Release|Any CPU
		{E77D05DB-043D-430F-A420-685CC171F8BA}.Release|Any CPU.Build.0 = Release|Any CPU
		{FCD16AC1-E888-4FB1-9A17-DC68B983FFF3}.Debug|Any CPU.ActiveCfg = Debug|Any CPU
		{FCD16AC1-E888-4FB1-9A17-DC68B983FFF3}.Debug|Any CPU.Build.0 = Debug|Any CPU
		{FCD16AC1-E888-4FB1-9A17-DC68B983FFF3}.Release|Any CPU.ActiveCfg = Release|Any CPU
		{FCD16AC1-E888-4FB1-9A17-DC68B983FFF3}.Release|Any CPU.Build.0 = Release|Any CPU
		{534BDDE6-44BA-44C2-94F7-F914202A3C75}.Debug|Any CPU.ActiveCfg = Debug|Any CPU
		{534BDDE6-44BA-44C2-94F7-F914202A3C75}.Debug|Any CPU.Build.0 = Debug|Any CPU
		{534BDDE6-44BA-44C2-94F7-F914202A3C75}.Release|Any CPU.ActiveCfg = Release|Any CPU
		{534BDDE6-44BA-44C2-94F7-F914202A3C75}.Release|Any CPU.Build.0 = Release|Any CPU
		{AF348C0F-2CE7-4FF1-BE45-65D76CCDF48B}.Debug|Any CPU.ActiveCfg = Debug|Any CPU
		{AF348C0F-2CE7-4FF1-BE45-65D76CCDF48B}.Debug|Any CPU.Build.0 = Debug|Any CPU
		{AF348C0F-2CE7-4FF1-BE45-65D76CCDF48B}.Release|Any CPU.ActiveCfg = Release|Any CPU
		{AF348C0F-2CE7-4FF1-BE45-65D76CCDF48B}.Release|Any CPU.Build.0 = Release|Any CPU
		{5A6E44FF-347A-4ED5-918C-6C6C8C83DD8D}.Debug|Any CPU.ActiveCfg = Debug|Any CPU
		{5A6E44FF-347A-4ED5-918C-6C6C8C83DD8D}.Debug|Any CPU.Build.0 = Debug|Any CPU
		{5A6E44FF-347A-4ED5-918C-6C6C8C83DD8D}.Release|Any CPU.ActiveCfg = Release|Any CPU
		{5A6E44FF-347A-4ED5-918C-6C6C8C83DD8D}.Release|Any CPU.Build.0 = Release|Any CPU
		{8C067192-86C7-47AB-AC3F-A2DD5892D5C9}.Debug|Any CPU.ActiveCfg = Debug|Any CPU
		{8C067192-86C7-47AB-AC3F-A2DD5892D5C9}.Debug|Any CPU.Build.0 = Debug|Any CPU
		{8C067192-86C7-47AB-AC3F-A2DD5892D5C9}.Release|Any CPU.ActiveCfg = Release|Any CPU
		{8C067192-86C7-47AB-AC3F-A2DD5892D5C9}.Release|Any CPU.Build.0 = Release|Any CPU
		{7F79AC09-7AFB-427E-AF59-9EAC4F652193}.Debug|Any CPU.ActiveCfg = Debug|Any CPU
		{7F79AC09-7AFB-427E-AF59-9EAC4F652193}.Debug|Any CPU.Build.0 = Debug|Any CPU
		{7F79AC09-7AFB-427E-AF59-9EAC4F652193}.Release|Any CPU.ActiveCfg = Release|Any CPU
		{7F79AC09-7AFB-427E-AF59-9EAC4F652193}.Release|Any CPU.Build.0 = Release|Any CPU
		{714FF4D1-6208-4DA2-A6A9-82D28C326BC5}.Debug|Any CPU.ActiveCfg = Debug|Any CPU
		{714FF4D1-6208-4DA2-A6A9-82D28C326BC5}.Debug|Any CPU.Build.0 = Debug|Any CPU
		{714FF4D1-6208-4DA2-A6A9-82D28C326BC5}.Release|Any CPU.ActiveCfg = Release|Any CPU
		{714FF4D1-6208-4DA2-A6A9-82D28C326BC5}.Release|Any CPU.Build.0 = Release|Any CPU
		{C96DB708-D9ED-4369-BBFF-B1AE9464C16E}.Debug|Any CPU.ActiveCfg = Debug|Any CPU
		{C96DB708-D9ED-4369-BBFF-B1AE9464C16E}.Debug|Any CPU.Build.0 = Debug|Any CPU
		{C96DB708-D9ED-4369-BBFF-B1AE9464C16E}.Release|Any CPU.ActiveCfg = Release|Any CPU
		{C96DB708-D9ED-4369-BBFF-B1AE9464C16E}.Release|Any CPU.Build.0 = Release|Any CPU
		{48035D8D-3BE8-4019-9691-306D98282265}.Debug|Any CPU.ActiveCfg = Debug|Any CPU
		{48035D8D-3BE8-4019-9691-306D98282265}.Debug|Any CPU.Build.0 = Debug|Any CPU
		{48035D8D-3BE8-4019-9691-306D98282265}.Release|Any CPU.ActiveCfg = Release|Any CPU
		{48035D8D-3BE8-4019-9691-306D98282265}.Release|Any CPU.Build.0 = Release|Any CPU
		{E9997ED7-ACBB-47AE-9512-39D01B99CADC}.Debug|Any CPU.ActiveCfg = Debug|Any CPU
		{E9997ED7-ACBB-47AE-9512-39D01B99CADC}.Debug|Any CPU.Build.0 = Debug|Any CPU
		{E9997ED7-ACBB-47AE-9512-39D01B99CADC}.Release|Any CPU.ActiveCfg = Release|Any CPU
		{E9997ED7-ACBB-47AE-9512-39D01B99CADC}.Release|Any CPU.Build.0 = Release|Any CPU
		{A7E1147D-0C3E-4EEC-9651-26709606B625}.Debug|Any CPU.ActiveCfg = Debug|Any CPU
		{A7E1147D-0C3E-4EEC-9651-26709606B625}.Debug|Any CPU.Build.0 = Debug|Any CPU
		{A7E1147D-0C3E-4EEC-9651-26709606B625}.Release|Any CPU.ActiveCfg = Release|Any CPU
		{A7E1147D-0C3E-4EEC-9651-26709606B625}.Release|Any CPU.Build.0 = Release|Any CPU
		{48FC31D0-BA7A-48B4-8AD4-73F37BF2592F}.Debug|Any CPU.ActiveCfg = Debug|Any CPU
		{48FC31D0-BA7A-48B4-8AD4-73F37BF2592F}.Debug|Any CPU.Build.0 = Debug|Any CPU
		{48FC31D0-BA7A-48B4-8AD4-73F37BF2592F}.Release|Any CPU.ActiveCfg = Release|Any CPU
		{48FC31D0-BA7A-48B4-8AD4-73F37BF2592F}.Release|Any CPU.Build.0 = Release|Any CPU
		{250332FC-879C-4F51-9891-0909BDC4B34B}.Debug|Any CPU.ActiveCfg = Debug|Any CPU
		{250332FC-879C-4F51-9891-0909BDC4B34B}.Debug|Any CPU.Build.0 = Debug|Any CPU
		{250332FC-879C-4F51-9891-0909BDC4B34B}.Release|Any CPU.ActiveCfg = Release|Any CPU
		{250332FC-879C-4F51-9891-0909BDC4B34B}.Release|Any CPU.Build.0 = Release|Any CPU
	EndGlobalSection
	GlobalSection(SolutionProperties) = preSolution
		HideSolutionNode = FALSE
	EndGlobalSection
	GlobalSection(NestedProjects) = preSolution
		{816E6A6E-DA42-4FC6-9551-78E272E651FF} = {02EA681E-C7D8-13C7-8484-4AC65E1B71E8}
		{31513527-BFC3-48EA-8632-FC667097EBD2} = {816E6A6E-DA42-4FC6-9551-78E272E651FF}
		{5402ACF0-29B0-49FD-891C-249E90A75A62} = {816E6A6E-DA42-4FC6-9551-78E272E651FF}
		{C0A93DBB-306D-4E43-B01C-A2AAE0B8153F} = {816E6A6E-DA42-4FC6-9551-78E272E651FF}
		{3B66DB33-99EB-4ECC-8214-2CA91F0BC183} = {816E6A6E-DA42-4FC6-9551-78E272E651FF}
		{E7AC23DA-ED3A-4C8D-AEF4-6E3716D59760} = {02EA681E-C7D8-13C7-8484-4AC65E1B71E8}
		{C3718468-31E9-46EA-9264-A1578D3D0E5C} = {E7AC23DA-ED3A-4C8D-AEF4-6E3716D59760}
		{1649F2EA-5035-403C-B021-E72660E64844} = {E7AC23DA-ED3A-4C8D-AEF4-6E3716D59760}
		{5AFFA56B-72C0-4536-B4DE-D93B57353353} = {E7AC23DA-ED3A-4C8D-AEF4-6E3716D59760}
		{92027711-88C4-48F5-96B9-A978751F1A73} = {E7AC23DA-ED3A-4C8D-AEF4-6E3716D59760}
		{DD5273D7-D26C-42E4-9661-C7A98C420CE9} = {02EA681E-C7D8-13C7-8484-4AC65E1B71E8}
		{6D70A3D2-5AAA-48D2-B753-0BD22B00A92D} = {DD5273D7-D26C-42E4-9661-C7A98C420CE9}
		{E77D05DB-043D-430F-A420-685CC171F8BA} = {DD5273D7-D26C-42E4-9661-C7A98C420CE9}
		{FCD16AC1-E888-4FB1-9A17-DC68B983FFF3} = {DD5273D7-D26C-42E4-9661-C7A98C420CE9}
		{534BDDE6-44BA-44C2-94F7-F914202A3C75} = {DD5273D7-D26C-42E4-9661-C7A98C420CE9}
		{F996DA88-4674-4B54-9192-4C0C2EF9E488} = {02EA681E-C7D8-13C7-8484-4AC65E1B71E8}
		{AF348C0F-2CE7-4FF1-BE45-65D76CCDF48B} = {F996DA88-4674-4B54-9192-4C0C2EF9E488}
		{5A6E44FF-347A-4ED5-918C-6C6C8C83DD8D} = {F996DA88-4674-4B54-9192-4C0C2EF9E488}
		{8C067192-86C7-47AB-AC3F-A2DD5892D5C9} = {F996DA88-4674-4B54-9192-4C0C2EF9E488}
		{7F79AC09-7AFB-427E-AF59-9EAC4F652193} = {F996DA88-4674-4B54-9192-4C0C2EF9E488}
		{714FF4D1-6208-4DA2-A6A9-82D28C326BC5} = {C27620FD-8DFE-40B8-AE6F-2C84360041DD}
		{C96DB708-D9ED-4369-BBFF-B1AE9464C16E} = {C27620FD-8DFE-40B8-AE6F-2C84360041DD}
		{48035D8D-3BE8-4019-9691-306D98282265} = {56821E85-400E-4D16-B3FA-E4800AA0FEF0}
		{E9997ED7-ACBB-47AE-9512-39D01B99CADC} = {5E05673D-A9DF-4EEF-9BCD-01D981513971}
		{A7E1147D-0C3E-4EEC-9651-26709606B625} = {5E05673D-A9DF-4EEF-9BCD-01D981513971}
		{48FC31D0-BA7A-48B4-8AD4-73F37BF2592F} = {5E05673D-A9DF-4EEF-9BCD-01D981513971}
		{250332FC-879C-4F51-9891-0909BDC4B34B} = {5E05673D-A9DF-4EEF-9BCD-01D981513971}
		{C2E6FBF7-A583-4088-9BBC-3F3C2F981F28} = {D22A7BF2-8311-4136-92B6-84BCFBB045BD}
		{35B5139B-0AD3-4DFF-B4CE-54877AF90373} = {C2E6FBF7-A583-4088-9BBC-3F3C2F981F28}
		{2F209ED7-1553-419D-A13B-51CC170E6036} = {35B5139B-0AD3-4DFF-B4CE-54877AF90373}
		{1401898D-30A4-4E3E-928B-03502E0BA89A} = {35B5139B-0AD3-4DFF-B4CE-54877AF90373}
	EndGlobalSection
	GlobalSection(ExtensibilityGlobals) = postSolution
		SolutionGuid = {4CCDF82E-0CC2-4969-B4EB-25A5D2A117AD}
	EndGlobalSection
EndGlobal
